
Microsoft Visual Studio Solution File, Format Version 12.00
# Visual Studio 14
VisualStudioVersion = 14.0.23107.0
MinimumVisualStudioVersion = 10.0.40219.1
Project("{FAE04EC0-301F-11D3-BF4B-00C04F79EFBC}") = "Code_First_MemberShip_Provider", "Code_First_MemberShip_Provider\Code_First_MemberShip_Provider.csproj", "{559D89CF-384D-4139-85F0-F3679A7DC291}"
EndProject
Global
	GlobalSection(SolutionConfigurationPlatforms) = preSolution
		Debug|Any CPU = Debug|Any CPU
		Release|Any CPU = Release|Any CPU
	EndGlobalSection
	GlobalSection(ProjectConfigurationPlatforms) = postSolution
		{559D89CF-384D-4139-85F0-F3679A7DC291}.Debug|Any CPU.ActiveCfg = Debug|Any CPU
		{559D89CF-384D-4139-85F0-F3679A7DC291}.Debug|Any CPU.Build.0 = Debug|Any CPU
		{559D89CF-384D-4139-85F0-F3679A7DC291}.Release|Any CPU.ActiveCfg = Release|Any CPU
		{559D89CF-384D-4139-85F0-F3679A7DC291}.Release|Any CPU.Build.0 = Release|Any CPU
	EndGlobalSection
	GlobalSection(SolutionProperties) = preSolution
		HideSolutionNode = FALSE
	EndGlobalSection
EndGlobal
